{
  "name": "CS480-Final-Project",
  "lockfileVersion": 3,
  "requires": true,
  "packages": {
    "": {
      "dependencies": {
        "lightweight-charts": "^4.1.1"
      }
    },
    "node_modules/fancy-canvas": {
      "version": "2.1.0",
      "resolved": "https://registry.npmjs.org/fancy-canvas/-/fancy-canvas-2.1.0.tgz",
      "integrity": "sha512-nifxXJ95JNLFR2NgRV4/MxVP45G9909wJTEKz5fg/TZS20JJZA6hfgRVh/bC9bwl2zBtBNcYPjiBE4njQHVBwQ=="
    },
    "node_modules/lightweight-charts": {
      "version": "4.1.1",
      "resolved": "https://registry.npmjs.org/lightweight-charts/-/lightweight-charts-4.1.1.tgz",
      "integrity": "sha512-HYjm66NAIOhoLDNaaQsiwOVWiFHL1yrygZeKd4PgdZESnWyp5dPoTe3pH3t2h4ix+Ix5TwLZaNbWroZqQuj6OA==",
      "dependencies": {
        "fancy-canvas": "2.1.0"
      }
    }
  }
}
